<Solution>
  <Project Path="Stack-Solver.Core/Stack-Solver.Core.csproj" />
  <Project Path="Stack-Solver.Infrastructure/Stack-Solver.Infrastructure.csproj" />
  <Project Path="Stack-Solver.csproj" />
  <Project Path="Package/Stack-Solver.Package.wapproj" Type="C7167F0D-BC9F-4E6E-AFE1-012C56B48DB5">
    <!-- The packaging project only builds for a concrete architecture; map the
         solution's Any CPU configuration onto its x64 configuration. -->
    <Platform Solution="*|Any CPU" Project="x64" />
  </Project>
  <Project Path="Tests/Stack-Solver.Tests/Stack-Solver.Tests.csproj" Id="f381e69c-0b5f-4653-856f-a6e51e51e45b" />
</Solution>
